{
  "name": "state-machine",
  "version": "1.0.0",
  "lockfileVersion": 2,
  "requires": true,
  "packages": {
    "": {
      "name": "state-machine",
      "version": "1.0.0",
      "license": "ISC",
      "dependencies": {
        "xstate": "^4.30.1"
      },
      "devDependencies": {
        "javascript-state-machine": "^3.1.0"
      }
    },
    "node_modules/javascript-state-machine": {
      "version": "3.1.0",
      "resolved": "https://registry.npm.qianxin-inc.cn/javascript-state-machine/download/javascript-state-machine-3.1.0.tgz",
      "integrity": "sha1-Bu6yE2pqGa4bVhBcJcrsKD3VzRQ=",
      "dev": true
    },
    "node_modules/xstate": {
      "version": "4.30.1",
      "resolved": "https://registry.npm.qianxin-inc.cn/xstate/download/xstate-4.30.1.tgz",
      "integrity": "sha1-4TF6X6HjrOb6vFk46PIPl+Li+Bs=",
      "license": "MIT",
      "funding": {
        "type": "opencollective",
        "url": "https://opencollective.com/xstate"
      }
    }
  },
  "dependencies": {
    "javascript-state-machine": {
      "version": "3.1.0",
      "resolved": "https://registry.npm.qianxin-inc.cn/javascript-state-machine/download/javascript-state-machine-3.1.0.tgz",
      "integrity": "sha1-Bu6yE2pqGa4bVhBcJcrsKD3VzRQ=",
      "dev": true
    },
    "xstate": {
      "version": "4.30.1",
      "resolved": "https://registry.npm.qianxin-inc.cn/xstate/download/xstate-4.30.1.tgz",
      "integrity": "sha1-4TF6X6HjrOb6vFk46PIPl+Li+Bs="
    }
  }
}
